
Microsoft Visual Studio Solution File, Format Version 12.00
# Visual Studio Version 17
VisualStudioVersion = 17.1.32421.90
MinimumVisualStudioVersion = 10.0.40219.1
Project("{FAE04EC0-301F-11D3-BF4B-00C04F79EFBC}") = "webApi", "webApi\webApi.csproj", "{081840E7-B0AE-44E4-B03A-025FF7B05EFA}"
EndProject
Global
	GlobalSection(SolutionConfigurationPlatforms) = preSolution
		Debug|Any CPU = Debug|Any CPU
		Release|Any CPU = Release|Any CPU
	EndGlobalSection
	GlobalSection(ProjectConfigurationPlatforms) = postSolution
		{081840E7-B0AE-44E4-B03A-025FF7B05EFA}.Debug|Any CPU.ActiveCfg = Debug|Any CPU
		{081840E7-B0AE-44E4-B03A-025FF7B05EFA}.Debug|Any CPU.Build.0 = Debug|Any CPU
		{081840E7-B0AE-44E4-B03A-025FF7B05EFA}.Release|Any CPU.ActiveCfg = Release|Any CPU
		{081840E7-B0AE-44E4-B03A-025FF7B05EFA}.Release|Any CPU.Build.0 = Release|Any CPU
	EndGlobalSection
	GlobalSection(SolutionProperties) = preSolution
		HideSolutionNode = FALSE
	EndGlobalSection
	GlobalSection(ExtensibilityGlobals) = postSolution
		SolutionGuid = {85FB7C24-7DB3-4280-A8E3-B09D3C1BC8DB}
	EndGlobalSection
EndGlobal
